
Microsoft Visual Studio Solution File, Format Version 12.00
# Visual Studio Version 17
VisualStudioVersion = 17.5.33530.505
MinimumVisualStudioVersion = 10.0.40219.1
Project("{FAE04EC0-301F-11D3-BF4B-00C04F79EFBC}") = "ExcelToSqlProgram", "ExcelToSqlProgram\ExcelToSqlProgram.csproj", "{DF95E196-56EB-4A9B-BAA4-8E99A99D54B3}"
EndProject
Global
	GlobalSection(SolutionConfigurationPlatforms) = preSolution
		Debug|Any CPU = Debug|Any CPU
		Release|Any CPU = Release|Any CPU
	EndGlobalSection
	GlobalSection(ProjectConfigurationPlatforms) = postSolution
		{DF95E196-56EB-4A9B-BAA4-8E99A99D54B3}.Debug|Any CPU.ActiveCfg = Debug|Any CPU
		{DF95E196-56EB-4A9B-BAA4-8E99A99D54B3}.Debug|Any CPU.Build.0 = Debug|Any CPU
		{DF95E196-56EB-4A9B-BAA4-8E99A99D54B3}.Release|Any CPU.ActiveCfg = Release|Any CPU
		{DF95E196-56EB-4A9B-BAA4-8E99A99D54B3}.Release|Any CPU.Build.0 = Release|Any CPU
	EndGlobalSection
	GlobalSection(SolutionProperties) = preSolution
		HideSolutionNode = FALSE
	EndGlobalSection
	GlobalSection(ExtensibilityGlobals) = postSolution
		SolutionGuid = {E06ABAC9-DD05-4CD4-A359-07294C0C5474}
	EndGlobalSection
EndGlobal
